// !$*UTF8*$!
{
	archiveVersion = 1;
	classes = {
	};
	objectVersion = 46;
	objects = {

/* Begin PBXBuildFile section */
		28D2D26E1E420A4800C5A9B0 /* AppDelegate.swift in Sources */ = {isa = PBXBuildFile; fileRef = 28D2D26D1E420A4800C5A9B0 /* AppDelegate.swift */; };
		28D2D2701E420A4800C5A9B0 /* ViewController.swift in Sources */ = {isa = PBXBuildFile; fileRef = 28D2D26F1E420A4800C5A9B0 /* ViewController.swift */; };
		28D2D2731E420A4800C5A9B0 /* Main.storyboard in Resources */ = {isa = PBXBuildFile; fileRef = 28D2D2711E420A4800C5A9B0 /* Main.storyboard */; };
		28D2D2751E420A4800C5A9B0 /* Assets.xcassets in Resources */ = {isa = PBXBuildFile; fileRef = 28D2D2741E420A4800C5A9B0 /* Assets.xcassets */; };
		28D2D2781E420A4800C5A9B0 /* LaunchScreen.storyboard in Resources */ = {isa = PBXBuildFile; fileRef = 28D2D2761E420A4800C5A9B0 /* LaunchScreen.storyboard */; };
		28D2D2851E423F3C00C5A9B0 /* beep-01a.wav in Resources */ = {isa = PBXBuildFile; fileRef = 28D2D2831E423F3C00C5A9B0 /* beep-01a.wav */; };
		28D2D2861E423F3C00C5A9B0 /* beep-02.wav in Resources */ = {isa = PBXBuildFile; fileRef = 28D2D2841E423F3C00C5A9B0 /* beep-02.wav */; };
		8556FA851E4A0D0E00629336 /* SettingsViewController.swift in Sources */ = {isa = PBXBuildFile; fileRef = 8556FA841E4A0D0E00629336 /* SettingsViewController.swift */; };
/* End PBXBuildFile section */

/* Begin PBXFileReference section */
		28D2D26A1E420A4800C5A9B0 /* jinglify.app */ = {isa = PBXFileReference; explicitFileType = wrapper.application; includeInIndex = 0; path = jinglify.app; sourceTree = BUILT_PRODUCTS_DIR; };
		28D2D26D1E420A4800C5A9B0 /* AppDelegate.swift */ = {isa = PBXFileReference; lastKnownFileType = sourcecode.swift; path = AppDelegate.swift; sourceTree = "<group>"; };
		28D2D26F1E420A4800C5A9B0 /* ViewController.swift */ = {isa = PBXFileReference; lastKnownFileType = sourcecode.swift; path = ViewController.swift; sourceTree = "<group>"; };
		28D2D2721E420A4800C5A9B0 /* Base */ = {isa = PBXFileReference; lastKnownFileType = file.storyboard; name = Base; path = Base.lproj/Main.storyboard; sourceTree = "<group>"; };
		28D2D2741E420A4800C5A9B0 /* Assets.xcassets */ = {isa = PBXFileReference; lastKnownFileType = folder.assetcatalog; path = Assets.xcassets; sourceTree = "<group>"; };
		28D2D2771E420A4800C5A9B0 /* Base */ = {isa = PBXFileReference; lastKnownFileType = file.storyboard; name = Base; path = Base.lproj/LaunchScreen.storyboard; sourceTree = "<group>"; };
		28D2D2791E420A4800C5A9B0 /* Info.plist */ = {isa = PBXFileReference; lastKnownFileType = text.plist.xml; path = Info.plist; sourceTree = "<group>"; };
		28D2D2831E423F3C00C5A9B0 /* beep-01a.wav */ = {isa = PBXFileReference; lastKnownFileType = audio.wav; path = "beep-01a.wav"; sourceTree = "<group>"; };
		28D2D2841E423F3C00C5A9B0 /* beep-02.wav */ = {isa = PBXFileReference; lastKnownFileType = audio.wav; path = "beep-02.wav"; sourceTree = "<group>"; };
		8556FA841E4A0D0E00629336 /* SettingsViewController.swift */ = {isa = PBXFileReference; fileEncoding = 4; lastKnownFileType = sourcecode.swift; path = SettingsViewController.swift; sourceTree = "<group>"; };
/* End PBXFileReference section */

/* Begin PBXFrameworksBuildPhase section */
		28D2D2671E420A4800C5A9B0 /* Frameworks */ = {
			isa = PBXFrameworksBuildPhase;
			buildActionMask = 2147483647;
			files = (
			);
			runOnlyForDeploymentPostprocessing = 0;
		};
/* End PBXFrameworksBuildPhase section */

/* Begin PBXGroup section */
		28D2D2611E420A4800C5A9B0 = {
			isa = PBXGroup;
			children = (
				28D2D26C1E420A4800C5A9B0 /* jinglify */,
				28D2D26B1E420A4800C5A9B0 /* Products */,
			);
			sourceTree = "<group>";
		};
		28D2D26B1E420A4800C5A9B0 /* Products */ = {
			isa = PBXGroup;
			children = (
				28D2D26A1E420A4800C5A9B0 /* jinglify.app */,
			);
			name = Products;
			sourceTree = "<group>";
		};
		28D2D26C1E420A4800C5A9B0 /* jinglify */ = {
			isa = PBXGroup;
			children = (
				28D2D2831E423F3C00C5A9B0 /* beep-01a.wav */,
				28D2D2841E423F3C00C5A9B0 /* beep-02.wav */,
				28D2D26D1E420A4800C5A9B0 /* AppDelegate.swift */,
				28D2D26F1E420A4800C5A9B0 /* ViewController.swift */,
				8556FA841E4A0D0E00629336 /* SettingsViewController.swift */,
				28D2D2711E420A4800C5A9B0 /* Main.storyboard */,
				28D2D2741E420A4800C5A9B0 /* Assets.xcassets */,
				28D2D2761E420A4800C5A9B0 /* LaunchScreen.storyboard */,
				28D2D2791E420A4800C5A9B0 /* Info.plist */,
			);
			path = jinglify;
			sourceTree = "<group>";
		};
/* End PBXGroup section */

/* Begin PBXNativeTarget section */
		28D2D2691E420A4800C5A9B0 /* jinglify */ = {
			isa = PBXNativeTarget;
			buildConfigurationList = 28D2D27C1E420A4800C5A9B0 /* Build configuration list for PBXNativeTarget "jinglify" */;
			buildPhases = (
				28D2D2661E420A4800C5A9B0 /* Sources */,
				28D2D2671E420A4800C5A9B0 /* Frameworks */,
				28D2D2681E420A4800C5A9B0 /* Resources */,
			);
			buildRules = (
			);
			dependencies = (
			);
			name = jinglify;
			productName = jinglify;
			productReference = 28D2D26A1E420A4800C5A9B0 /* jinglify.app */;
			productType = "com.apple.product-type.application";
		};
/* End PBXNativeTarget section */

/* Begin PBXProject section */
		28D2D2621E420A4800C5A9B0 /* Project object */ = {
			isa = PBXProject;
			attributes = {
				LastSwiftUpdateCheck = 0820;
				LastUpgradeCheck = 0820;
				ORGANIZATIONNAME = "Innokentiy Shushpanov";
				TargetAttributes = {
					28D2D2691E420A4800C5A9B0 = {
						CreatedOnToolsVersion = 8.2.1;
						DevelopmentTeam = VZPAK93H3H;
						ProvisioningStyle = Automatic;
					};
				};
			};
			buildConfigurationList = 28D2D2651E420A4800C5A9B0 /* Build configuration list for PBXProject "jinglify" */;
			compatibilityVersion = "Xcode 3.2";
			developmentRegion = English;
			hasScannedForEncodings = 0;
			knownRegions = (
				en,
				Base,
			);
			mainGroup = 28D2D2611E420A4800C5A9B0;
			productRefGroup = 28D2D26B1E420A4800C5A9B0 /* Products */;
			projectDirPath = "";
			projectRoot = "";
			targets = (
				28D2D2691E420A4800C5A9B0 /* jinglify */,
			);
		};
/* End PBXProject section */

/* Begin PBXResourcesBuildPhase section */
		28D2D2681E420A4800C5A9B0 /* Resources */ = {
			isa = PBXResourcesBuildPhase;
			buildActionMask = 2147483647;
			files = (
				28D2D2781E420A4800C5A9B0 /* LaunchScreen.storyboard in Resources */,
				28D2D2751E420A4800C5A9B0 /* Assets.xcassets in Resources */,
				28D2D2731E420A4800C5A9B0 /* Main.storyboard in Resources */,
				28D2D2851E423F3C00C5A9B0 /* beep-01a.wav in Resources */,
				28D2D2861E423F3C00C5A9B0 /* beep-02.wav in Resources */,
			);
			runOnlyForDeploymentPostprocessing = 0;
		};
/* End PBXResourcesBuildPhase section */

/* Begin PBXSourcesBuildPhase section */
		28D2D2661E420A4800C5A9B0 /* Sources */ = {
			isa = PBXSourcesBuildPhase;
			buildActionMask = 2147483647;
			files = (
				28D2D2701E420A4800C5A9B0 /* ViewController.swift in Sources */,
				28D2D26E1E420A4800C5A9B0 /* AppDelegate.swift in Sources */,
				8556FA851E4A0D0E00629336 /* SettingsViewController.swift in Sources */,
			);
			runOnlyForDeploymentPostprocessing = 0;
		};
/* End PBXSourcesBuildPhase section */

/* Begin PBXVariantGroup section */
		28D2D2711E420A4800C5A9B0 /* Main.storyboard */ = {
			isa = PBXVariantGroup;
			children = (
				28D2D2721E420A4800C5A9B0 /* Base */,
			);
			name = Main.storyboard;
			sourceTree = "<group>";
		};
		28D2D2761E420A4800C5A9B0 /* LaunchScreen.storyboard */ = {
			isa = PBXVariantGroup;
			children = (
				28D2D2771E420A4800C5A9B0 /* Base */,
			);
			name = LaunchScreen.storyboard;
			sourceTree = "<group>";
		};
/* End PBXVariantGroup section */

/* Begin XCBuildConfiguration section */
		28D2D27A1E420A4800C5A9B0 /* Debug */ = {
			isa = XCBuildConfiguration;
			buildSettings = {
				ALWAYS_SEARCH_USER_PATHS = NO;
				CLANG_ANALYZER_NONNULL = YES;
				CLANG_CXX_LANGUAGE_STANDARD = "gnu++0x";
				CLANG_CXX_LIBRARY = "libc++";
				CLANG_ENABLE_MODULES = YES;
				CLANG_ENABLE_OBJC_ARC = YES;
				CLANG_WARN_BOOL_CONVERSION = YES;
				CLANG_WARN_CONSTANT_CONVERSION = YES;
				CLANG_WARN_DIRECT_OBJC_ISA_USAGE = YES_ERROR;
				CLANG_WARN_DOCUMENTATION_COMMENTS = YES;
				CLANG_WARN_EMPTY_BODY = YES;
				CLANG_WARN_ENUM_CONVERSION = YES;
				CLANG_WARN_INFINITE_RECURSION = YES;
				CLANG_WARN_INT_CONVERSION = YES;
				CLANG_WARN_OBJC_ROOT_CLASS = YES_ERROR;
				CLANG_WARN_SUSPICIOUS_MOVE = YES;
				CLANG_WARN_UNREACHABLE_CODE = YES;
				CLANG_WARN__DUPLICATE_METHOD_MATCH = YES;
				"CODE_SIGN_IDENTITY[sdk=iphoneos*]" = "iPhone Developer";
				COPY_PHASE_STRIP = NO;
				DEBUG_INFORMATION_FORMAT = dwarf;
				ENABLE_STRICT_OBJC_MSGSEND = YES;
				ENABLE_TESTABILITY = YES;
				GCC_C_LANGUAGE_STANDARD = gnu99;
				GCC_DYNAMIC_NO_PIC = NO;
				GCC_NO_COMMON_BLOCKS = YES;
				GCC_OPTIMIZATION_LEVEL = 0;
				GCC_PREPROCESSOR_DEFINITIONS = (
					"DEBUG=1",
					"$(inherited)",
				);
				GCC_WARN_64_TO_32_BIT_CONVERSION = YES;
				GCC_WARN_ABOUT_RETURN_TYPE = YES_ERROR;
				GCC_WARN_UNDECLARED_SELECTOR = YES;
				GCC_WARN_UNINITIALIZED_AUTOS = YES_AGGRESSIVE;
				GCC_WARN_UNUSED_FUNCTION = YES;
				GCC_WARN_UNUSED_VARIABLE = YES;
				IPHONEOS_DEPLOYMENT_TARGET = 10.2;
				MTL_ENABLE_DEBUG_INFO = YES;
				ONLY_ACTIVE_ARCH = YES;
				SDKROOT = iphoneos;
				SWIFT_ACTIVE_COMPILATION_CONDITIONS = DEBUG;
				SWIFT_OPTIMIZATION_LEVEL = "-Onone";
			};
			name = Debug;
		};
		28D2D27B1E420A4800C5A9B0 /* Release */ = {
			isa = XCBuildConfiguration;
			buildSettings = {
				ALWAYS_SEARCH_USER_PATHS = NO;
				CLANG_ANALYZER_NONNULL = YES;
				CLANG_CXX_LANGUAGE_STANDARD = "gnu++0x";
				CLANG_CXX_LIBRARY = "libc++";
				CLANG_ENABLE_MODULES = YES;
				CLANG_ENABLE_OBJC_ARC = YES;
				CLANG_WARN_BOOL_CONVERSION = YES;
				CLANG_WARN_CONSTANT_CONVERSION = YES;
				CLANG_WARN_DIRECT_OBJC_ISA_USAGE = YES_ERROR;
				CLANG_WARN_DOCUMENTATION_COMMENTS = YES;
				CLANG_WARN_EMPTY_BODY = YES;
				CLANG_WARN_ENUM_CONVERSION = YES;
				CLANG_WARN_INFINITE_RECURSION = YES;
				CLANG_WARN_INT_CONVERSION = YES;
				CLANG_WARN_OBJC_ROOT_CLASS = YES_ERROR;
				CLANG_WARN_SUSPICIOUS_MOVE = YES;
				CLANG_WARN_UNREACHABLE_CODE = YES;
				CLANG_WARN__DUPLICATE_METHOD_MATCH = YES;
				"CODE_SIGN_IDENTITY[sdk=iphoneos*]" = "iPhone Developer";
				COPY_PHASE_STRIP = NO;
				DEBUG_INFORMATION_FORMAT = "dwarf-with-dsym";
				ENABLE_NS_ASSERTIONS = NO;
				ENABLE_STRICT_OBJC_MSGSEND = YES;
				GCC_C_LANGUAGE_STANDARD = gnu99;
				GCC_NO_COMMON_BLOCKS = YES;
				GCC_WARN_64_TO_32_BIT_CONVERSION = YES;
				GCC_WARN_ABOUT_RETURN_TYPE = YES_ERROR;
				GCC_WARN_UNDECLARED_SELECTOR = YES;
				GCC_WARN_UNINITIALIZED_AUTOS = YES_AGGRESSIVE;
				GCC_WARN_UNUSED_FUNCTION = YES;
				GCC_WARN_UNUSED_VARIABLE = YES;
				IPHONEOS_DEPLOYMENT_TARGET = 10.2;
				MTL_ENABLE_DEBUG_INFO = NO;
				SDKROOT = iphoneos;
				SWIFT_OPTIMIZATION_LEVEL = "-Owholemodule";
				VALIDATE_PRODUCT = YES;
			};
			name = Release;
		};
		28D2D27D1E420A4800C5A9B0 /* Debug */ = {
			isa = XCBuildConfiguration;
			buildSettings = {
				ASSETCATALOG_COMPILER_APPICON_NAME = AppIcon;
				"CODE_SIGN_IDENTITY[sdk=iphoneos*]" = "iPhone Developer";
				DEVELOPMENT_TEAM = VZPAK93H3H;
				INFOPLIST_FILE = jinglify/Info.plist;
				LD_RUNPATH_SEARCH_PATHS = "$(inherited) @executable_path/Frameworks";
				PRODUCT_BUNDLE_IDENTIFIER = com.qisoft.jinglify1;
				PRODUCT_NAME = "$(TARGET_NAME)";
				SWIFT_VERSION = 3.0;
			};
			name = Debug;
		};
		28D2D27E1E420A4800C5A9B0 /* Release */ = {
			isa = XCBuildConfiguration;
			buildSettings = {
				ASSETCATALOG_COMPILER_APPICON_NAME = AppIcon;
				"CODE_SIGN_IDENTITY[sdk=iphoneos*]" = "iPhone Developer";
				DEVELOPMENT_TEAM = VZPAK93H3H;
				INFOPLIST_FILE = jinglify/Info.plist;
				LD_RUNPATH_SEARCH_PATHS = "$(inherited) @executable_path/Frameworks";
				PRODUCT_BUNDLE_IDENTIFIER = com.qisoft.jinglify1;
				PRODUCT_NAME = "$(TARGET_NAME)";
				SWIFT_VERSION = 3.0;
			};
			name = Release;
		};
/* End XCBuildConfiguration section */

/* Begin XCConfigurationList section */
		28D2D2651E420A4800C5A9B0 /* Build configuration list for PBXProject "jinglify" */ = {
			isa = XCConfigurationList;
			buildConfigurations = (
				28D2D27A1E420A4800C5A9B0 /* Debug */,
				28D2D27B1E420A4800C5A9B0 /* Release */,
			);
			defaultConfigurationIsVisible = 0;
			defaultConfigurationName = Release;
		};
		28D2D27C1E420A4800C5A9B0 /* Build configuration list for PBXNativeTarget "jinglify" */ = {
			isa = XCConfigurationList;
			buildConfigurations = (
				28D2D27D1E420A4800C5A9B0 /* Debug */,
				28D2D27E1E420A4800C5A9B0 /* Release */,
			);
			defaultConfigurationIsVisible = 0;
			defaultConfigurationName = Release;
		};
/* End XCConfigurationList section */
	};
	rootObject = 28D2D2621E420A4800C5A9B0 /* Project object */;
}
